PODS:
  - app_links (6.4.1):
    - Flutter
  - Flutter (1.0.0)
  - image_cropper (0.0.4):
    - Flutter
    - TOCropViewController (~> 2.8.0)
  - image_picker_ios (0.0.1):
    - Flutter
  - package_info_plus (0.4.5):
    - Flutter
  - path_provider_foundation (0.0.1):
    - Flutter
    - FlutterMacOS
  - share_plus (0.0.1):
    - Flutter
  - shared_preferences_foundation (0.0.1):
    - Flutter
    - FlutterMacOS
  - sqflite_darwin (0.0.4):
    - Flutter
    - FlutterMacOS
  - Stripe (23.27.6):
    - StripeApplePay (= 23.27.6)
    - StripeCore (= 23.27.6)
    - StripePayments (= 23.27.6)
    - StripePaymentsUI (= 23.27.6)
    - StripeUICore (= 23.27.6)
  - stripe_ios (0.0.1):
    - Flutter
    - Stripe (~> 23.27.0)
    - StripeApplePay (~> 23.27.0)
    - StripeFinancialConnections (~> 23.27.0)
    - StripePayments (~> 23.27.0)
    - StripePaymentSheet (~> 23.27.0)
    - StripePaymentsUI (~> 23.27.0)
  - StripeApplePay (23.27.6):
    - StripeCore (= 23.27.6)
  - StripeCore (23.27.6)
  - StripeFinancialConnections (23.27.6):
    - StripeCore (= 23.27.6)
    - StripeUICore (= 23.27.6)
  - StripePayments (23.27.6):
    - StripeCore (= 23.27.6)
    - StripePayments/Stripe3DS2 (= 23.27.6)
  - StripePayments/Stripe3DS2 (23.27.6):
    - StripeCore (= 23.27.6)
  - StripePaymentSheet (23.27.6):
    - StripeApplePay (= 23.27.6)
    - StripeCore (= 23.27.6)
    - StripePayments (= 23.27.6)
    - StripePaymentsUI (= 23.27.6)
  - StripePaymentsUI (23.27.6):
    - StripeCore (= 23.27.6)
    - StripePayments (= 23.27.6)
    - StripeUICore (= 23.27.6)
  - StripeUICore (23.27.6):
    - StripeCore (= 23.27.6)
  - TOCropViewController (2.8.0)
  - url_launcher_ios (0.0.1):
    - Flutter
  - video_player_avfoundation (0.0.1):
    - Flutter
    - FlutterMacOS
  - wakelock_plus (0.0.1):
    - Flutter

DEPENDENCIES:
  - app_links (from `.symlinks/plugins/app_links/ios`)
  - Flutter (from `Flutter`)
  - image_cropper (from `.symlinks/plugins/image_cropper/ios`)
  - image_picker_ios (from `.symlinks/plugins/image_picker_ios/ios`)
  - package_info_plus (from `.symlinks/plugins/package_info_plus/ios`)
  - path_provider_foundation (from `.symlinks/plugins/path_provider_foundation/darwin`)
  - share_plus (from `.symlinks/plugins/share_plus/ios`)
  - shared_preferences_foundation (from `.symlinks/plugins/shared_preferences_foundation/darwin`)
  - sqflite_darwin (from `.symlinks/plugins/sqflite_darwin/darwin`)
  - stripe_ios (from `.symlinks/plugins/stripe_ios/ios`)
  - url_launcher_ios (from `.symlinks/plugins/url_launcher_ios/ios`)
  - video_player_avfoundation (from `.symlinks/plugins/video_player_avfoundation/darwin`)
  - wakelock_plus (from `.symlinks/plugins/wakelock_plus/ios`)

SPEC REPOS:
  trunk:
    - Stripe
    - StripeApplePay
    - StripeCore
    - StripeFinancialConnections
    - StripePayments
    - StripePaymentSheet
    - StripePaymentsUI
    - StripeUICore
    - TOCropViewController

EXTERNAL SOURCES:
  app_links:
    :path: ".symlinks/plugins/app_links/ios"
  Flutter:
    :path: Flutter
  image_cropper:
    :path: ".symlinks/plugins/image_cropper/ios"
  image_picker_ios:
    :path: ".symlinks/plugins/image_picker_ios/ios"
  package_info_plus:
    :path: ".symlinks/plugins/package_info_plus/ios"
  path_provider_foundation:
    :path: ".symlinks/plugins/path_provider_foundation/darwin"
  share_plus:
    :path: ".symlinks/plugins/share_plus/ios"
  shared_preferences_foundation:
    :path: ".symlinks/plugins/shared_preferences_foundation/darwin"
  sqflite_darwin:
    :path: ".symlinks/plugins/sqflite_darwin/darwin"
  stripe_ios:
    :path: ".symlinks/plugins/stripe_ios/ios"
  url_launcher_ios:
    :path: ".symlinks/plugins/url_launcher_ios/ios"
  video_player_avfoundation:
    :path: ".symlinks/plugins/video_player_avfoundation/darwin"
  wakelock_plus:
    :path: ".symlinks/plugins/wakelock_plus/ios"

SPEC CHECKSUMS:
  app_links: 3dbc685f76b1693c66a6d9dd1e9ab6f73d97dc0a
  Flutter: cabc95a1d2626b1b06e7179b784ebcf0c0cde467
  image_cropper: 64567491beea6cd1bc4b11948e2babb590de5826
  image_picker_ios: e0ece4aa2a75771a7de3fa735d26d90817041326
  package_info_plus: af8e2ca6888548050f16fa2f1938db7b5a5df499
  path_provider_foundation: bb55f6dbba17d0dccd6737fe6f7f34fbd0376880
  share_plus: de6030e33b4e106470e09322d87cf2a4258d2d1d
  shared_preferences_foundation: 7036424c3d8ec98dfe75ff1667cb0cd531ec82bb
  sqflite_darwin: 20b2a3a3b70e43edae938624ce550a3cbf66a3d0
  Stripe: 9fec845645e39f371e6898926d096fd9c2feb5a5
  stripe_ios: 5accba1ff472f89300e1676c351166f29dc93ced
  StripeApplePay: 5f017e8dfe259fafbab70137776189deef754bb2
  StripeCore: 01ec57f0dddfe742054dc6a322f811426c25313d
  StripeFinancialConnections: 56698cb6274bf89fb8c76b934f6156f368e97765
  StripePayments: 6adf11faf1b7038e77aa97019410305c6adca79d
  StripePaymentSheet: 3eaf870c4388e44b0cc37e4c69d00b6957fd8bd7
  StripePaymentsUI: 59ccddeacad592b09fa67e8d641340820ddb4751
  StripeUICore: 879bbf5889265db13f52fac8aad7a176ba62481f
  TOCropViewController: 797deaf39c90e6e9ddd848d88817f6b9a8a09888
  url_launcher_ios: 7a95fa5b60cc718a708b8f2966718e93db0cef1b
  video_player_avfoundation: dd410b52df6d2466a42d28550e33e4146928280a
  wakelock_plus: e29112ab3ef0b318e58cfa5c32326458be66b556

PODFILE CHECKSUM: 1857304a4c559e9b5d38b4c574041b253aaca8b5

COCOAPODS: 1.16.2
